// !$*UTF8*$!
{
	archiveVersion = 1;
	classes = {
	};
	objectVersion = 55;
	objects = {

/* Begin PBXBuildFile section */
		BCB3F0352809C9D5001355B7 /* AppDelegate.swift in Sources */ = {isa = PBXBuildFile; fileRef = BCB3F0342809C9D5001355B7 /* AppDelegate.swift */; };
		BCB3F0372809C9D5001355B7 /* SceneDelegate.swift in Sources */ = {isa = PBXBuildFile; fileRef = BCB3F0362809C9D5001355B7 /* SceneDelegate.swift */; };
		BCB3F03C2809C9D5001355B7 /* Main.storyboard in Resources */ = {isa = PBXBuildFile; fileRef = BCB3F03A2809C9D5001355B7 /* Main.storyboard */; };
		BCB3F03E2809C9D7001355B7 /* Assets.xcassets in Resources */ = {isa = PBXBuildFile; fileRef = BCB3F03D2809C9D7001355B7 /* Assets.xcassets */; };
		BCB3F0412809C9D7001355B7 /* LaunchScreen.storyboard in Resources */ = {isa = PBXBuildFile; fileRef = BCB3F03F2809C9D7001355B7 /* LaunchScreen.storyboard */; };
		BCB3F0512809CA6C001355B7 /* CloudKit.framework in Frameworks */ = {isa = PBXBuildFile; fileRef = BCB3F0502809CA6C001355B7 /* CloudKit.framework */; };
		BCB3F0532809CB56001355B7 /* Contact.swift in Sources */ = {isa = PBXBuildFile; fileRef = BCB3F0522809CB56001355B7 /* Contact.swift */; };
		BCB3F0552809D034001355B7 /* ContactController.swift in Sources */ = {isa = PBXBuildFile; fileRef = BCB3F0542809D034001355B7 /* ContactController.swift */; };
		BCB3F0572809D9FC001355B7 /* ContactListTableViewController.swift in Sources */ = {isa = PBXBuildFile; fileRef = BCB3F0562809D9FC001355B7 /* ContactListTableViewController.swift */; };
		BCB3F0592809DA0C001355B7 /* NewContactViewController.swift in Sources */ = {isa = PBXBuildFile; fileRef = BCB3F0582809DA0C001355B7 /* NewContactViewController.swift */; };
/* End PBXBuildFile section */

/* Begin PBXFileReference section */
		BCB3F0312809C9D5001355B7 /* Contacts Assessment.app */ = {isa = PBXFileReference; explicitFileType = wrapper.application; includeInIndex = 0; path = "Contacts Assessment.app"; sourceTree = BUILT_PRODUCTS_DIR; };
		BCB3F0342809C9D5001355B7 /* AppDelegate.swift */ = {isa = PBXFileReference; lastKnownFileType = sourcecode.swift; path = AppDelegate.swift; sourceTree = "<group>"; };
		BCB3F0362809C9D5001355B7 /* SceneDelegate.swift */ = {isa = PBXFileReference; lastKnownFileType = sourcecode.swift; path = SceneDelegate.swift; sourceTree = "<group>"; };
		BCB3F03B2809C9D5001355B7 /* Base */ = {isa = PBXFileReference; lastKnownFileType = file.storyboard; name = Base; path = Base.lproj/Main.storyboard; sourceTree = "<group>"; };
		BCB3F03D2809C9D7001355B7 /* Assets.xcassets */ = {isa = PBXFileReference; lastKnownFileType = folder.assetcatalog; path = Assets.xcassets; sourceTree = "<group>"; };
		BCB3F0402809C9D7001355B7 /* Base */ = {isa = PBXFileReference; lastKnownFileType = file.storyboard; name = Base; path = Base.lproj/LaunchScreen.storyboard; sourceTree = "<group>"; };
		BCB3F0422809C9D7001355B7 /* Info.plist */ = {isa = PBXFileReference; lastKnownFileType = text.plist.xml; path = Info.plist; sourceTree = "<group>"; };
		BCB3F04E2809CA67001355B7 /* Contacts Assessment.entitlements */ = {isa = PBXFileReference; lastKnownFileType = text.plist.entitlements; path = "Contacts Assessment.entitlements"; sourceTree = "<group>"; };
		BCB3F0502809CA6C001355B7 /* CloudKit.framework */ = {isa = PBXFileReference; lastKnownFileType = wrapper.framework; name = CloudKit.framework; path = System/Library/Frameworks/CloudKit.framework; sourceTree = SDKROOT; };
		BCB3F0522809CB56001355B7 /* Contact.swift */ = {isa = PBXFileReference; lastKnownFileType = sourcecode.swift; path = Contact.swift; sourceTree = "<group>"; };
		BCB3F0542809D034001355B7 /* ContactController.swift */ = {isa = PBXFileReference; lastKnownFileType = sourcecode.swift; path = ContactController.swift; sourceTree = "<group>"; };
		BCB3F0562809D9FC001355B7 /* ContactListTableViewController.swift */ = {isa = PBXFileReference; lastKnownFileType = sourcecode.swift; path = ContactListTableViewController.swift; sourceTree = "<group>"; };
		BCB3F0582809DA0C001355B7 /* NewContactViewController.swift */ = {isa = PBXFileReference; lastKnownFileType = sourcecode.swift; path = NewContactViewController.swift; sourceTree = "<group>"; };
/* End PBXFileReference section */

/* Begin PBXFrameworksBuildPhase section */
		BCB3F02E2809C9D5001355B7 /* Frameworks */ = {
			isa = PBXFrameworksBuildPhase;
			buildActionMask = 2147483647;
			files = (
				BCB3F0512809CA6C001355B7 /* CloudKit.framework in Frameworks */,
			);
			runOnlyForDeploymentPostprocessing = 0;
		};
/* End PBXFrameworksBuildPhase section */

/* Begin PBXGroup section */
		BCB3F0282809C9D5001355B7 = {
			isa = PBXGroup;
			children = (
				BCB3F0332809C9D5001355B7 /* Contacts Assessment */,
				BCB3F0322809C9D5001355B7 /* Products */,
				BCB3F04F2809CA6C001355B7 /* Frameworks */,
			);
			sourceTree = "<group>";
		};
		BCB3F0322809C9D5001355B7 /* Products */ = {
			isa = PBXGroup;
			children = (
				BCB3F0312809C9D5001355B7 /* Contacts Assessment.app */,
			);
			name = Products;
			sourceTree = "<group>";
		};
		BCB3F0332809C9D5001355B7 /* Contacts Assessment */ = {
			isa = PBXGroup;
			children = (
				BCB3F04E2809CA67001355B7 /* Contacts Assessment.entitlements */,
				BCB3F04D2809CA16001355B7 /* Models */,
				BCB3F04A2809CA02001355B7 /* Controllers */,
				BCB3F0492809C9FC001355B7 /* Views */,
				BCB3F0482809C9F3001355B7 /* Resources */,
			);
			path = "Contacts Assessment";
			sourceTree = "<group>";
		};
		BCB3F0482809C9F3001355B7 /* Resources */ = {
			isa = PBXGroup;
			children = (
				BCB3F0342809C9D5001355B7 /* AppDelegate.swift */,
				BCB3F0362809C9D5001355B7 /* SceneDelegate.swift */,
				BCB3F03D2809C9D7001355B7 /* Assets.xcassets */,
				BCB3F0422809C9D7001355B7 /* Info.plist */,
			);
			path = Resources;
			sourceTree = "<group>";
		};
		BCB3F0492809C9FC001355B7 /* Views */ = {
			isa = PBXGroup;
			children = (
				BCB3F03A2809C9D5001355B7 /* Main.storyboard */,
				BCB3F03F2809C9D7001355B7 /* LaunchScreen.storyboard */,
			);
			path = Views;
			sourceTree = "<group>";
		};
		BCB3F04A2809CA02001355B7 /* Controllers */ = {
			isa = PBXGroup;
			children = (
				BCB3F04C2809CA0E001355B7 /* ModelControllers */,
				BCB3F04B2809CA08001355B7 /* ViewControllers */,
			);
			path = Controllers;
			sourceTree = "<group>";
		};
		BCB3F04B2809CA08001355B7 /* ViewControllers */ = {
			isa = PBXGroup;
			children = (
				BCB3F0562809D9FC001355B7 /* ContactListTableViewController.swift */,
				BCB3F0582809DA0C001355B7 /* NewContactViewController.swift */,
			);
			path = ViewControllers;
			sourceTree = "<group>";
		};
		BCB3F04C2809CA0E001355B7 /* ModelControllers */ = {
			isa = PBXGroup;
			children = (
				BCB3F0542809D034001355B7 /* ContactController.swift */,
			);
			path = ModelControllers;
			sourceTree = "<group>";
		};
		BCB3F04D2809CA16001355B7 /* Models */ = {
			isa = PBXGroup;
			children = (
				BCB3F0522809CB56001355B7 /* Contact.swift */,
			);
			path = Models;
			sourceTree = "<group>";
		};
		BCB3F04F2809CA6C001355B7 /* Frameworks */ = {
			isa = PBXGroup;
			children = (
				BCB3F0502809CA6C001355B7 /* CloudKit.framework */,
			);
			name = Frameworks;
			sourceTree = "<group>";
		};
/* End PBXGroup section */

/* Begin PBXNativeTarget section */
		BCB3F0302809C9D5001355B7 /* Contacts Assessment */ = {
			isa = PBXNativeTarget;
			buildConfigurationList = BCB3F0452809C9D7001355B7 /* Build configuration list for PBXNativeTarget "Contacts Assessment" */;
			buildPhases = (
				BCB3F02D2809C9D5001355B7 /* Sources */,
				BCB3F02E2809C9D5001355B7 /* Frameworks */,
				BCB3F02F2809C9D5001355B7 /* Resources */,
			);
			buildRules = (
			);
			dependencies = (
			);
			name = "Contacts Assessment";
			productName = "Contacts Assessment";
			productReference = BCB3F0312809C9D5001355B7 /* Contacts Assessment.app */;
			productType = "com.apple.product-type.application";
		};
/* End PBXNativeTarget section */

/* Begin PBXProject section */
		BCB3F0292809C9D5001355B7 /* Project object */ = {
			isa = PBXProject;
			attributes = {
				BuildIndependentTargetsInParallel = 1;
				LastSwiftUpdateCheck = 1330;
				LastUpgradeCheck = 1330;
				TargetAttributes = {
					BCB3F0302809C9D5001355B7 = {
						CreatedOnToolsVersion = 13.3.1;
					};
				};
			};
			buildConfigurationList = BCB3F02C2809C9D5001355B7 /* Build configuration list for PBXProject "Contacts Assessment" */;
			compatibilityVersion = "Xcode 13.0";
			developmentRegion = en;
			hasScannedForEncodings = 0;
			knownRegions = (
				en,
				Base,
			);
			mainGroup = BCB3F0282809C9D5001355B7;
			productRefGroup = BCB3F0322809C9D5001355B7 /* Products */;
			projectDirPath = "";
			projectRoot = "";
			targets = (
				BCB3F0302809C9D5001355B7 /* Contacts Assessment */,
			);
		};
/* End PBXProject section */

/* Begin PBXResourcesBuildPhase section */
		BCB3F02F2809C9D5001355B7 /* Resources */ = {
			isa = PBXResourcesBuildPhase;
			buildActionMask = 2147483647;
			files = (
				BCB3F0412809C9D7001355B7 /* LaunchScreen.storyboard in Resources */,
				BCB3F03E2809C9D7001355B7 /* Assets.xcassets in Resources */,
				BCB3F03C2809C9D5001355B7 /* Main.storyboard in Resources */,
			);
			runOnlyForDeploymentPostprocessing = 0;
		};
/* End PBXResourcesBuildPhase section */

/* Begin PBXSourcesBuildPhase section */
		BCB3F02D2809C9D5001355B7 /* Sources */ = {
			isa = PBXSourcesBuildPhase;
			buildActionMask = 2147483647;
			files = (
				BCB3F0532809CB56001355B7 /* Contact.swift in Sources */,
				BCB3F0352809C9D5001355B7 /* AppDelegate.swift in Sources */,
				BCB3F0552809D034001355B7 /* ContactController.swift in Sources */,
				BCB3F0572809D9FC001355B7 /* ContactListTableViewController.swift in Sources */,
				BCB3F0592809DA0C001355B7 /* NewContactViewController.swift in Sources */,
				BCB3F0372809C9D5001355B7 /* SceneDelegate.swift in Sources */,
			);
			runOnlyForDeploymentPostprocessing = 0;
		};
/* End PBXSourcesBuildPhase section */

/* Begin PBXVariantGroup section */
		BCB3F03A2809C9D5001355B7 /* Main.storyboard */ = {
			isa = PBXVariantGroup;
			children = (
				BCB3F03B2809C9D5001355B7 /* Base */,
			);
			name = Main.storyboard;
			sourceTree = "<group>";
		};
		BCB3F03F2809C9D7001355B7 /* LaunchScreen.storyboard */ = {
			isa = PBXVariantGroup;
			children = (
				BCB3F0402809C9D7001355B7 /* Base */,
			);
			name = LaunchScreen.storyboard;
			sourceTree = "<group>";
		};
/* End PBXVariantGroup section */

/* Begin XCBuildConfiguration section */
		BCB3F0432809C9D7001355B7 /* Debug */ = {
			isa = XCBuildConfiguration;
			buildSettings = {
				ALWAYS_SEARCH_USER_PATHS = NO;
				CLANG_ANALYZER_NONNULL = YES;
				CLANG_ANALYZER_NUMBER_OBJECT_CONVERSION = YES_AGGRESSIVE;
				CLANG_CXX_LANGUAGE_STANDARD = "gnu++17";
				CLANG_ENABLE_MODULES = YES;
				CLANG_ENABLE_OBJC_ARC = YES;
				CLANG_ENABLE_OBJC_WEAK = YES;
				CLANG_WARN_BLOCK_CAPTURE_AUTORELEASING = YES;
				CLANG_WARN_BOOL_CONVERSION = YES;
				CLANG_WARN_COMMA = YES;
				CLANG_WARN_CONSTANT_CONVERSION = YES;
				CLANG_WARN_DEPRECATED_OBJC_IMPLEMENTATIONS = YES;
				CLANG_WARN_DIRECT_OBJC_ISA_USAGE = YES_ERROR;
				CLANG_WARN_DOCUMENTATION_COMMENTS = YES;
				CLANG_WARN_EMPTY_BODY = YES;
				CLANG_WARN_ENUM_CONVERSION = YES;
				CLANG_WARN_INFINITE_RECURSION = YES;
				CLANG_WARN_INT_CONVERSION = YES;
				CLANG_WARN_NON_LITERAL_NULL_CONVERSION = YES;
				CLANG_WARN_OBJC_IMPLICIT_RETAIN_SELF = YES;
				CLANG_WARN_OBJC_LITERAL_CONVERSION = YES;
				CLANG_WARN_OBJC_ROOT_CLASS = YES_ERROR;
				CLANG_WARN_QUOTED_INCLUDE_IN_FRAMEWORK_HEADER = YES;
				CLANG_WARN_RANGE_LOOP_ANALYSIS = YES;
				CLANG_WARN_STRICT_PROTOTYPES = YES;
				CLANG_WARN_SUSPICIOUS_MOVE = YES;
				CLANG_WARN_UNGUARDED_AVAILABILITY = YES_AGGRESSIVE;
				CLANG_WARN_UNREACHABLE_CODE = YES;
				CLANG_WARN__DUPLICATE_METHOD_MATCH = YES;
				COPY_PHASE_STRIP = NO;
				DEBUG_INFORMATION_FORMAT = dwarf;
				ENABLE_STRICT_OBJC_MSGSEND = YES;
				ENABLE_TESTABILITY = YES;
				GCC_C_LANGUAGE_STANDARD = gnu11;
				GCC_DYNAMIC_NO_PIC = NO;
				GCC_NO_COMMON_BLOCKS = YES;
				GCC_OPTIMIZATION_LEVEL = 0;
				GCC_PREPROCESSOR_DEFINITIONS = (
					"DEBUG=1",
					"$(inherited)",
				);
				GCC_WARN_64_TO_32_BIT_CONVERSION = YES;
				GCC_WARN_ABOUT_RETURN_TYPE = YES_ERROR;
				GCC_WARN_UNDECLARED_SELECTOR = YES;
				GCC_WARN_UNINITIALIZED_AUTOS = YES_AGGRESSIVE;
				GCC_WARN_UNUSED_FUNCTION = YES;
				GCC_WARN_UNUSED_VARIABLE = YES;
				IPHONEOS_DEPLOYMENT_TARGET = 14.7;
				MTL_ENABLE_DEBUG_INFO = INCLUDE_SOURCE;
				MTL_FAST_MATH = YES;
				ONLY_ACTIVE_ARCH = YES;
				SDKROOT = iphoneos;
				SWIFT_ACTIVE_COMPILATION_CONDITIONS = DEBUG;
				SWIFT_OPTIMIZATION_LEVEL = "-Onone";
			};
			name = Debug;
		};
		BCB3F0442809C9D7001355B7 /* Release */ = {
			isa = XCBuildConfiguration;
			buildSettings = {
				ALWAYS_SEARCH_USER_PATHS = NO;
				CLANG_ANALYZER_NONNULL = YES;
				CLANG_ANALYZER_NUMBER_OBJECT_CONVERSION = YES_AGGRESSIVE;
				CLANG_CXX_LANGUAGE_STANDARD = "gnu++17";
				CLANG_ENABLE_MODULES = YES;
				CLANG_ENABLE_OBJC_ARC = YES;
				CLANG_ENABLE_OBJC_WEAK = YES;
				CLANG_WARN_BLOCK_CAPTURE_AUTORELEASING = YES;
				CLANG_WARN_BOOL_CONVERSION = YES;
				CLANG_WARN_COMMA = YES;
				CLANG_WARN_CONSTANT_CONVERSION = YES;
				CLANG_WARN_DEPRECATED_OBJC_IMPLEMENTATIONS = YES;
				CLANG_WARN_DIRECT_OBJC_ISA_USAGE = YES_ERROR;
				CLANG_WARN_DOCUMENTATION_COMMENTS = YES;
				CLANG_WARN_EMPTY_BODY = YES;
				CLANG_WARN_ENUM_CONVERSION = YES;
				CLANG_WARN_INFINITE_RECURSION = YES;
				CLANG_WARN_INT_CONVERSION = YES;
				CLANG_WARN_NON_LITERAL_NULL_CONVERSION = YES;
				CLANG_WARN_OBJC_IMPLICIT_RETAIN_SELF = YES;
				CLANG_WARN_OBJC_LITERAL_CONVERSION = YES;
				CLANG_WARN_OBJC_ROOT_CLASS = YES_ERROR;
				CLANG_WARN_QUOTED_INCLUDE_IN_FRAMEWORK_HEADER = YES;
				CLANG_WARN_RANGE_LOOP_ANALYSIS = YES;
				CLANG_WARN_STRICT_PROTOTYPES = YES;
				CLANG_WARN_SUSPICIOUS_MOVE = YES;
				CLANG_WARN_UNGUARDED_AVAILABILITY = YES_AGGRESSIVE;
				CLANG_WARN_UNREACHABLE_CODE = YES;
				CLANG_WARN__DUPLICATE_METHOD_MATCH = YES;
				COPY_PHASE_STRIP = NO;
				DEBUG_INFORMATION_FORMAT = "dwarf-with-dsym";
				ENABLE_NS_ASSERTIONS = NO;
				ENABLE_STRICT_OBJC_MSGSEND = YES;
				GCC_C_LANGUAGE_STANDARD = gnu11;
				GCC_NO_COMMON_BLOCKS = YES;
				GCC_WARN_64_TO_32_BIT_CONVERSION = YES;
				GCC_WARN_ABOUT_RETURN_TYPE = YES_ERROR;
				GCC_WARN_UNDECLARED_SELECTOR = YES;
				GCC_WARN_UNINITIALIZED_AUTOS = YES_AGGRESSIVE;
				GCC_WARN_UNUSED_FUNCTION = YES;
				GCC_WARN_UNUSED_VARIABLE = YES;
				IPHONEOS_DEPLOYMENT_TARGET = 14.7;
				MTL_ENABLE_DEBUG_INFO = NO;
				MTL_FAST_MATH = YES;
				SDKROOT = iphoneos;
				SWIFT_COMPILATION_MODE = wholemodule;
				SWIFT_OPTIMIZATION_LEVEL = "-O";
				VALIDATE_PRODUCT = YES;
			};
			name = Release;
		};
		BCB3F0462809C9D7001355B7 /* Debug */ = {
			isa = XCBuildConfiguration;
			buildSettings = {
				ASSETCATALOG_COMPILER_APPICON_NAME = AppIcon;
				ASSETCATALOG_COMPILER_GLOBAL_ACCENT_COLOR_NAME = AccentColor;
				CODE_SIGN_ENTITLEMENTS = "Contacts Assessment/Contacts Assessment.entitlements";
				CODE_SIGN_STYLE = Automatic;
				CURRENT_PROJECT_VERSION = 1;
				DEVELOPMENT_TEAM = SNNSSTW7MQ;
				GENERATE_INFOPLIST_FILE = YES;
				INFOPLIST_FILE = "Contacts Assessment/Resources/Info.plist";
				INFOPLIST_KEY_UIApplicationSupportsIndirectInputEvents = YES;
				INFOPLIST_KEY_UILaunchStoryboardName = LaunchScreen;
				INFOPLIST_KEY_UIMainStoryboardFile = Main;
				INFOPLIST_KEY_UISupportedInterfaceOrientations_iPad = "UIInterfaceOrientationPortrait UIInterfaceOrientationPortraitUpsideDown UIInterfaceOrientationLandscapeLeft UIInterfaceOrientationLandscapeRight";
				INFOPLIST_KEY_UISupportedInterfaceOrientations_iPhone = "UIInterfaceOrientationPortrait UIInterfaceOrientationLandscapeLeft UIInterfaceOrientationLandscapeRight";
				LD_RUNPATH_SEARCH_PATHS = (
					"$(inherited)",
					"@executable_path/Frameworks",
				);
				MARKETING_VERSION = 1.0;
				PRODUCT_BUNDLE_IDENTIFIER = "com.sebastianbanks.Contacts-Assessment";
				PRODUCT_NAME = "$(TARGET_NAME)";
				SWIFT_EMIT_LOC_STRINGS = YES;
				SWIFT_VERSION = 5.0;
				TARGETED_DEVICE_FAMILY = "1,2";
			};
			name = Debug;
		};
		BCB3F0472809C9D7001355B7 /* Release */ = {
			isa = XCBuildConfiguration;
			buildSettings = {
				ASSETCATALOG_COMPILER_APPICON_NAME = AppIcon;
				ASSETCATALOG_COMPILER_GLOBAL_ACCENT_COLOR_NAME = AccentColor;
				CODE_SIGN_ENTITLEMENTS = "Contacts Assessment/Contacts Assessment.entitlements";
				CODE_SIGN_STYLE = Automatic;
				CURRENT_PROJECT_VERSION = 1;
				DEVELOPMENT_TEAM = SNNSSTW7MQ;
				GENERATE_INFOPLIST_FILE = YES;
				INFOPLIST_FILE = "Contacts Assessment/Resources/Info.plist";
				INFOPLIST_KEY_UIApplicationSupportsIndirectInputEvents = YES;
				INFOPLIST_KEY_UILaunchStoryboardName = LaunchScreen;
				INFOPLIST_KEY_UIMainStoryboardFile = Main;
				INFOPLIST_KEY_UISupportedInterfaceOrientations_iPad = "UIInterfaceOrientationPortrait UIInterfaceOrientationPortraitUpsideDown UIInterfaceOrientationLandscapeLeft UIInterfaceOrientationLandscapeRight";
				INFOPLIST_KEY_UISupportedInterfaceOrientations_iPhone = "UIInterfaceOrientationPortrait UIInterfaceOrientationLandscapeLeft UIInterfaceOrientationLandscapeRight";
				LD_RUNPATH_SEARCH_PATHS = (
					"$(inherited)",
					"@executable_path/Frameworks",
				);
				MARKETING_VERSION = 1.0;
				PRODUCT_BUNDLE_IDENTIFIER = "com.sebastianbanks.Contacts-Assessment";
				PRODUCT_NAME = "$(TARGET_NAME)";
				SWIFT_EMIT_LOC_STRINGS = YES;
				SWIFT_VERSION = 5.0;
				TARGETED_DEVICE_FAMILY = "1,2";
			};
			name = Release;
		};
/* End XCBuildConfiguration section */

/* Begin XCConfigurationList section */
		BCB3F02C2809C9D5001355B7 /* Build configuration list for PBXProject "Contacts Assessment" */ = {
			isa = XCConfigurationList;
			buildConfigurations = (
				BCB3F0432809C9D7001355B7 /* Debug */,
				BCB3F0442809C9D7001355B7 /* Release */,
			);
			defaultConfigurationIsVisible = 0;
			defaultConfigurationName = Release;
		};
		BCB3F0452809C9D7001355B7 /* Build configuration list for PBXNativeTarget "Contacts Assessment" */ = {
			isa = XCConfigurationList;
			buildConfigurations = (
				BCB3F0462809C9D7001355B7 /* Debug */,
				BCB3F0472809C9D7001355B7 /* Release */,
			);
			defaultConfigurationIsVisible = 0;
			defaultConfigurationName = Release;
		};
/* End XCConfigurationList section */
	};
	rootObject = BCB3F0292809C9D5001355B7 /* Project object */;
}
